// !$*UTF8*$!
{
	archiveVersion = 1;
	classes = {
	};
	objectVersion = 56;
	objects = {

/* Begin PBXBuildFile section */
		A1A1A1A1A1A1A1A1A1A1A1A1 /* main.swift in Sources */ = {isa = PBXBuildFile; fileRef = B1B1B1B1B1B1B1B1B1B1B1B1 /* main.swift */; };
		A2A2A2A2A2A2A2A2A2A2A2A2 /* AppStoreEntitlementManager.swift in Sources */ = {isa = PBXBuildFile; fileRef = B2B2B2B2B2B2B2B2B2B2B2B2 /* AppStoreEntitlementManager.swift */; };
		A3A3A3A3A3A3A3A3A3A3A3A3 /* AppStoreGlobalEventMonitor.swift in Sources */ = {isa = PBXBuildFile; fileRef = B3B3B3B3B3B3B3B3B3B3B3B3 /* AppStoreGlobalEventMonitor.swift */; };
		A4A4A4A4A4A4A4A4A4A4A4A4 /* CopyDing.icns in Resources */ = {isa = PBXBuildFile; fileRef = B4B4B4B4B4B4B4B4B4B4B4B4 /* CopyDing.icns */; };
/* End PBXBuildFile section */

/* Begin PBXFileReference section */
		B1B1B1B1B1B1B1B1B1B1B1B1 /* main.swift */ = {isa = PBXFileReference; lastKnownFileType = sourcecode.swift; path = main.swift; sourceTree = "<group>"; };
		B2B2B2B2B2B2B2B2B2B2B2B2 /* AppStoreEntitlementManager.swift */ = {isa = PBXFileReference; lastKnownFileType = sourcecode.swift; path = AppStoreEntitlementManager.swift; sourceTree = "<group>"; };
		B3B3B3B3B3B3B3B3B3B3B3B3 /* AppStoreGlobalEventMonitor.swift */ = {isa = PBXFileReference; lastKnownFileType = sourcecode.swift; path = AppStoreGlobalEventMonitor.swift; sourceTree = "<group>"; };
		B4B4B4B4B4B4B4B4B4B4B4B4 /* CopyDing.icns */ = {isa = PBXFileReference; lastKnownFileType = image.icns; path = CopyDing.icns; sourceTree = "<group>"; };
		B5B5B5B5B5B5B5B5B5B5B5B5 /* Info.plist */ = {isa = PBXFileReference; lastKnownFileType = text.plist.xml; path = Info.plist; sourceTree = SOURCE_ROOT; };
		B6B6B6B6B6B6B6B6B6B6B6B6 /* CopyDing-AppStore.entitlements */ = {isa = PBXFileReference; lastKnownFileType = text.plist.entitlements; path = "AppStore/CopyDing-AppStore.entitlements"; sourceTree = SOURCE_ROOT; };
		B7B7B7B7B7B7B7B7B7B7B7B7 /* CopyDing.app */ = {isa = PBXFileReference; explicitFileType = wrapper.application; includeInIndex = 0; path = CopyDing.app; sourceTree = BUILT_PRODUCTS_DIR; };
/* End PBXFileReference section */

/* Begin PBXFrameworksBuildPhase section */
		C1C1C1C1C1C1C1C1C1C1C1C1 /* Frameworks */ = {
			isa = PBXFrameworksBuildPhase;
			buildActionMask = 2147483647;
			files = (
			);
			runOnlyForDeploymentPostprocessing = 0;
		};
/* End PBXFrameworksBuildPhase section */

/* Begin PBXGroup section */
		D1D1D1D1D1D1D1D1D1D1D1D1 = {
			isa = PBXGroup;
			children = (
				D2D2D2D2D2D2D2D2D2D2D2D2 /* Sources */,
				D3D3D3D3D3D3D3D3D3D3D3D3 /* Assets */,
				B5B5B5B5B5B5B5B5B5B5B5B5 /* Info.plist */,
				B6B6B6B6B6B6B6B6B6B6B6B6 /* CopyDing-AppStore.entitlements */,
				D4D4D4D4D4D4D4D4D4D4D4D4 /* Products */,
			);
			sourceTree = "<group>";
		};
		D2D2D2D2D2D2D2D2D2D2D2D2 /* Sources */ = {
			isa = PBXGroup;
			children = (
				B1B1B1B1B1B1B1B1B1B1B1B1 /* main.swift */,
				B2B2B2B2B2B2B2B2B2B2B2B2 /* AppStoreEntitlementManager.swift */,
				B3B3B3B3B3B3B3B3B3B3B3B3 /* AppStoreGlobalEventMonitor.swift */,
			);
			path = Sources/CopyDing;
			sourceTree = SOURCE_ROOT;
		};
		D3D3D3D3D3D3D3D3D3D3D3D3 /* Assets */ = {
			isa = PBXGroup;
			children = (
				B4B4B4B4B4B4B4B4B4B4B4B4 /* CopyDing.icns */,
			);
			path = Assets;
			sourceTree = SOURCE_ROOT;
		};
		D4D4D4D4D4D4D4D4D4D4D4D4 /* Products */ = {
			isa = PBXGroup;
			children = (
				B7B7B7B7B7B7B7B7B7B7B7B7 /* CopyDing.app */,
			);
			name = Products;
			sourceTree = "<group>";
		};
/* End PBXGroup section */

/* Begin PBXNativeTarget section */
		E1E1E1E1E1E1E1E1E1E1E1E1 /* CopyDing */ = {
			isa = PBXNativeTarget;
			buildConfigurationList = F1F1F1F1F1F1F1F1F1F1F1F1 /* Build configuration list for PBXNativeTarget "CopyDing" */;
			buildPhases = (
				C2C2C2C2C2C2C2C2C2C2C2C2 /* Sources */,
				C1C1C1C1C1C1C1C1C1C1C1C1 /* Frameworks */,
				C3C3C3C3C3C3C3C3C3C3C3C3 /* Resources */,
			);
			buildRules = (
			);
			dependencies = (
			);
			name = CopyDing;
			productName = CopyDing;
			productReference = B7B7B7B7B7B7B7B7B7B7B7B7 /* CopyDing.app */;
			productType = "com.apple.product-type.application";
		};
/* End PBXNativeTarget section */

/* Begin PBXProject section */
		E2E2E2E2E2E2E2E2E2E2E2E2 /* Project object */ = {
			isa = PBXProject;
			attributes = {
				BuildIndependentTargetsInParallel = 1;
				LastSwiftUpdateCheck = 1600;
				LastUpgradeCheck = 1600;
				TargetAttributes = {
					E1E1E1E1E1E1E1E1E1E1E1E1 = {
						CreatedOnToolsVersion = 16.0;
					};
				};
			};
			buildConfigurationList = F2F2F2F2F2F2F2F2F2F2F2F2 /* Build configuration list for PBXProject "CopyDing" */;
			compatibilityVersion = "Xcode 14.0";
			developmentRegion = en;
			hasScannedForEncodings = 0;
			knownRegions = (
				en,
				Base,
			);
			mainGroup = D1D1D1D1D1D1D1D1D1D1D1D1;
			productRefGroup = D4D4D4D4D4D4D4D4D4D4D4D4 /* Products */;
			projectDirPath = "";
			projectRoot = "";
			targets = (
				E1E1E1E1E1E1E1E1E1E1E1E1 /* CopyDing */,
			);
		};
/* End PBXProject section */

/* Begin PBXResourcesBuildPhase section */
		C3C3C3C3C3C3C3C3C3C3C3C3 /* Resources */ = {
			isa = PBXResourcesBuildPhase;
			buildActionMask = 2147483647;
			files = (
				A4A4A4A4A4A4A4A4A4A4A4A4 /* CopyDing.icns in Resources */,
			);
			runOnlyForDeploymentPostprocessing = 0;
		};
/* End PBXResourcesBuildPhase section */

/* Begin PBXSourcesBuildPhase section */
		C2C2C2C2C2C2C2C2C2C2C2C2 /* Sources */ = {
			isa = PBXSourcesBuildPhase;
			buildActionMask = 2147483647;
			files = (
				A1A1A1A1A1A1A1A1A1A1A1A1 /* main.swift in Sources */,
				A2A2A2A2A2A2A2A2A2A2A2A2 /* AppStoreEntitlementManager.swift in Sources */,
				A3A3A3A3A3A3A3A3A3A3A3A3 /* AppStoreGlobalEventMonitor.swift in Sources */,
			);
			runOnlyForDeploymentPostprocessing = 0;
		};
/* End PBXSourcesBuildPhase section */

/* Begin XCBuildConfiguration section */
		G1G1G1G1G1G1G1G1G1G1G1G1 /* Debug */ = {
			isa = XCBuildConfiguration;
			buildSettings = {
				ALWAYS_SEARCH_USER_PATHS = NO;
				CLANG_ENABLE_MODULES = YES;
				MACOSX_DEPLOYMENT_TARGET = 13.0;
				SDKROOT = macosx;
				SWIFT_VERSION = 6.0;
			};
			name = Debug;
		};
		G2G2G2G2G2G2G2G2G2G2G2G2 /* Release */ = {
			isa = XCBuildConfiguration;
			buildSettings = {
				ALWAYS_SEARCH_USER_PATHS = NO;
				CLANG_ENABLE_MODULES = YES;
				MACOSX_DEPLOYMENT_TARGET = 13.0;
				SDKROOT = macosx;
				SWIFT_COMPILATION_MODE = wholemodule;
				SWIFT_VERSION = 6.0;
			};
			name = Release;
		};
		G3G3G3G3G3G3G3G3G3G3G3G3 /* Debug */ = {
			isa = XCBuildConfiguration;
			buildSettings = {
				CODE_SIGN_ENTITLEMENTS = "AppStore/CopyDing-AppStore.entitlements";
				CODE_SIGN_STYLE = Automatic;
				CURRENT_PROJECT_VERSION = 9;
				DEVELOPMENT_TEAM = 2XBV69FNQQ;
				DEBUG_INFORMATION_FORMAT = "dwarf-with-dsym";
				ENABLE_APP_SANDBOX = YES;
				ENABLE_HARDENED_RUNTIME = YES;
				GENERATE_INFOPLIST_FILE = NO;
				INFOPLIST_EXPAND_BUILD_SETTINGS = YES;
				INFOPLIST_FILE = Info.plist;
				LD_RUNPATH_SEARCH_PATHS = (
					"$(inherited)",
					"@executable_path/../Frameworks",
				);
				MACOSX_DEPLOYMENT_TARGET = 13.0;
				MARKETING_VERSION = 1.3.2;
				PRODUCT_BUNDLE_IDENTIFIER = com.copyding.utility;
				PRODUCT_NAME = "$(TARGET_NAME)";
				SKIP_INSTALL = NO;
				SWIFT_ACTIVE_COMPILATION_CONDITIONS = "APP_STORE DEBUG $(inherited)";
				SWIFT_VERSION = 6.0;
			};
			name = Debug;
		};
		G4G4G4G4G4G4G4G4G4G4G4G4 /* Release */ = {
			isa = XCBuildConfiguration;
			buildSettings = {
				CODE_SIGN_ENTITLEMENTS = "AppStore/CopyDing-AppStore.entitlements";
				CODE_SIGN_STYLE = Automatic;
				CURRENT_PROJECT_VERSION = 9;
				DEVELOPMENT_TEAM = 2XBV69FNQQ;
				ENABLE_APP_SANDBOX = YES;
				ENABLE_HARDENED_RUNTIME = YES;
				GENERATE_INFOPLIST_FILE = NO;
				INFOPLIST_EXPAND_BUILD_SETTINGS = YES;
				INFOPLIST_FILE = Info.plist;
				LD_RUNPATH_SEARCH_PATHS = (
					"$(inherited)",
					"@executable_path/../Frameworks",
				);
				MACOSX_DEPLOYMENT_TARGET = 13.0;
				MARKETING_VERSION = 1.3.2;
				PRODUCT_BUNDLE_IDENTIFIER = com.copyding.utility;
				PRODUCT_NAME = "$(TARGET_NAME)";
				SKIP_INSTALL = NO;
				SWIFT_ACTIVE_COMPILATION_CONDITIONS = "APP_STORE $(inherited)";
				SWIFT_VERSION = 6.0;
			};
			name = Release;
		};
/* End XCBuildConfiguration section */

/* Begin XCConfigurationList section */
		F1F1F1F1F1F1F1F1F1F1F1F1 /* Build configuration list for PBXNativeTarget "CopyDing" */ = {
			isa = XCConfigurationList;
			buildConfigurations = (
				G3G3G3G3G3G3G3G3G3G3G3G3 /* Debug */,
				G4G4G4G4G4G4G4G4G4G4G4G4 /* Release */,
			);
			defaultConfigurationIsVisible = 0;
			defaultConfigurationName = Release;
		};
		F2F2F2F2F2F2F2F2F2F2F2F2 /* Build configuration list for PBXProject "CopyDing" */ = {
			isa = XCConfigurationList;
			buildConfigurations = (
				G1G1G1G1G1G1G1G1G1G1G1G1 /* Debug */,
				G2G2G2G2G2G2G2G2G2G2G2G2 /* Release */,
			);
			defaultConfigurationIsVisible = 0;
			defaultConfigurationName = Release;
		};
/* End XCConfigurationList section */
	};
	rootObject = E2E2E2E2E2E2E2E2E2E2E2E2 /* Project object */;
}
